// !$*UTF8*$!
{
	archiveVersion = 1;
	classes = {
	};
	objectVersion = 52;
	objects = {

/* Begin PBXBuildFile section */
		A006598B266F54EC0089E5F1 /* AppDelegate.swift in Sources */ = {isa = PBXBuildFile; fileRef = A006598A266F54EC0089E5F1 /* AppDelegate.swift */; };
		A006598D266F54EC0089E5F1 /* SceneDelegate.swift in Sources */ = {isa = PBXBuildFile; fileRef = A006598C266F54EC0089E5F1 /* SceneDelegate.swift */; };
		A006598F266F54EC0089E5F1 /* DeviceViewController.swift in Sources */ = {isa = PBXBuildFile; fileRef = A006598E266F54EC0089E5F1 /* DeviceViewController.swift */; };
		A0065992266F54EC0089E5F1 /* Main.storyboard in Resources */ = {isa = PBXBuildFile; fileRef = A0065990266F54EC0089E5F1 /* Main.storyboard */; };
		A0065994266F54ED0089E5F1 /* Assets.xcassets in Resources */ = {isa = PBXBuildFile; fileRef = A0065993266F54ED0089E5F1 /* Assets.xcassets */; };
		A0065997266F54ED0089E5F1 /* LaunchScreen.storyboard in Resources */ = {isa = PBXBuildFile; fileRef = A0065995266F54ED0089E5F1 /* LaunchScreen.storyboard */; };
		A04F7D59269A8F720028D9F1 /* UserAvatar.swift in Sources */ = {isa = PBXBuildFile; fileRef = A04F7D58269A8F720028D9F1 /* UserAvatar.swift */; };
		A04F7D5B269AC9870028D9F1 /* SwiftyJSON.swift in Sources */ = {isa = PBXBuildFile; fileRef = A04F7D5A269AC9870028D9F1 /* SwiftyJSON.swift */; };
		A064202E269D8E2900106529 /* LoginViewController.swift in Sources */ = {isa = PBXBuildFile; fileRef = A064202D269D8E2900106529 /* LoginViewController.swift */; };
		A0642036269DBB1800106529 /* LoginView.swift in Sources */ = {isa = PBXBuildFile; fileRef = A0642035269DBB1800106529 /* LoginView.swift */; };
		A06BFB4526903D8500504FDF /* UserViewController.swift in Sources */ = {isa = PBXBuildFile; fileRef = A06BFB4426903D8500504FDF /* UserViewController.swift */; };
		A06BFB4726903D9900504FDF /* UserStatusView.swift in Sources */ = {isa = PBXBuildFile; fileRef = A06BFB4626903D9900504FDF /* UserStatusView.swift */; };
		A0ACD369266F8B1800E67089 /* MQTTClient.swift in Sources */ = {isa = PBXBuildFile; fileRef = A0ACD368266F8B1800E67089 /* MQTTClient.swift */; };
		A0ACD36F266FA19900E67089 /* UDODevice.swift in Sources */ = {isa = PBXBuildFile; fileRef = A0ACD36E266FA19900E67089 /* UDODevice.swift */; };
		A0ACD3742670577600E67089 /* NumericalAttribute.swift in Sources */ = {isa = PBXBuildFile; fileRef = A0ACD3732670577600E67089 /* NumericalAttribute.swift */; };
		A0ACD3762670578500E67089 /* TextAttribute.swift in Sources */ = {isa = PBXBuildFile; fileRef = A0ACD3752670578500E67089 /* TextAttribute.swift */; };
		A0ACD3782670579300E67089 /* EnumAttribute.swift in Sources */ = {isa = PBXBuildFile; fileRef = A0ACD3772670579300E67089 /* EnumAttribute.swift */; };
		A0ACD37A2670584100E67089 /* BooleanAttribute.swift in Sources */ = {isa = PBXBuildFile; fileRef = A0ACD3792670584100E67089 /* BooleanAttribute.swift */; };
		A0ACD37E2670FDE600E67089 /* DeviceTableViewCell.swift in Sources */ = {isa = PBXBuildFile; fileRef = A0ACD37D2670FDE600E67089 /* DeviceTableViewCell.swift */; };
		A0ACD3812671AFC600E67089 /* DeviceDetailViewController.swift in Sources */ = {isa = PBXBuildFile; fileRef = A0ACD3802671AFC600E67089 /* DeviceDetailViewController.swift */; };
		A0AF437B26A165030010D892 /* BottomBar-SwiftUI in Frameworks */ = {isa = PBXBuildFile; productRef = A0AF437A26A165030010D892 /* BottomBar-SwiftUI */; };
		A0B9DB7B26971C0400DD4134 /* UDOMapAnnotation.swift in Sources */ = {isa = PBXBuildFile; fileRef = A0B9DB7A26971C0400DD4134 /* UDOMapAnnotation.swift */; };
		A0B9DB7D26971E3000DD4134 /* ImageUtils.swift in Sources */ = {isa = PBXBuildFile; fileRef = A0B9DB7C26971E3000DD4134 /* ImageUtils.swift */; };
		A0D352C3267993960086B92F /* SwiftUICharts in Frameworks */ = {isa = PBXBuildFile; productRef = A0D352C2267993960086B92F /* SwiftUICharts */; };
		A0D352C6267995610086B92F /* CocoaMQTTWebSocket in Frameworks */ = {isa = PBXBuildFile; productRef = A0D352C5267995610086B92F /* CocoaMQTTWebSocket */; };
		A0D352C8267995610086B92F /* CocoaMQTT in Frameworks */ = {isa = PBXBuildFile; productRef = A0D352C7267995610086B92F /* CocoaMQTT */; };
		A0D74F332678879E00FE86E1 /* DeviceDetailView.swift in Sources */ = {isa = PBXBuildFile; fileRef = A0D74F322678879E00FE86E1 /* DeviceDetailView.swift */; };
		A0D74F38267896B400FE86E1 /* DeviceStatusView.swift in Sources */ = {isa = PBXBuildFile; fileRef = A0D74F37267896B400FE86E1 /* DeviceStatusView.swift */; };
		A0D74F3A267896C500FE86E1 /* DeviceHistoryView.swift in Sources */ = {isa = PBXBuildFile; fileRef = A0D74F39267896C500FE86E1 /* DeviceHistoryView.swift */; };
/* End PBXBuildFile section */

/* Begin PBXFileReference section */
		A0065987266F54EC0089E5F1 /* UDO Client.app */ = {isa = PBXFileReference; explicitFileType = wrapper.application; includeInIndex = 0; path = "UDO Client.app"; sourceTree = BUILT_PRODUCTS_DIR; };
		A006598A266F54EC0089E5F1 /* AppDelegate.swift */ = {isa = PBXFileReference; lastKnownFileType = sourcecode.swift; path = AppDelegate.swift; sourceTree = "<group>"; };
		A006598C266F54EC0089E5F1 /* SceneDelegate.swift */ = {isa = PBXFileReference; lastKnownFileType = sourcecode.swift; path = SceneDelegate.swift; sourceTree = "<group>"; };
		A006598E266F54EC0089E5F1 /* DeviceViewController.swift */ = {isa = PBXFileReference; lastKnownFileType = sourcecode.swift; path = DeviceViewController.swift; sourceTree = "<group>"; };
		A0065991266F54EC0089E5F1 /* Base */ = {isa = PBXFileReference; lastKnownFileType = file.storyboard; name = Base; path = Base.lproj/Main.storyboard; sourceTree = "<group>"; };
		A0065993266F54ED0089E5F1 /* Assets.xcassets */ = {isa = PBXFileReference; lastKnownFileType = folder.assetcatalog; path = Assets.xcassets; sourceTree = "<group>"; };
		A0065996266F54ED0089E5F1 /* Base */ = {isa = PBXFileReference; lastKnownFileType = file.storyboard; name = Base; path = Base.lproj/LaunchScreen.storyboard; sourceTree = "<group>"; };
		A0065998266F54ED0089E5F1 /* Info.plist */ = {isa = PBXFileReference; lastKnownFileType = text.plist.xml; path = Info.plist; sourceTree = "<group>"; };
		A04F7D58269A8F720028D9F1 /* UserAvatar.swift */ = {isa = PBXFileReference; lastKnownFileType = sourcecode.swift; path = UserAvatar.swift; sourceTree = "<group>"; };
		A04F7D5A269AC9870028D9F1 /* SwiftyJSON.swift */ = {isa = PBXFileReference; fileEncoding = 4; lastKnownFileType = sourcecode.swift; path = SwiftyJSON.swift; sourceTree = "<group>"; };
		A064202D269D8E2900106529 /* LoginViewController.swift */ = {isa = PBXFileReference; lastKnownFileType = sourcecode.swift; path = LoginViewController.swift; sourceTree = "<group>"; };
		A0642035269DBB1800106529 /* LoginView.swift */ = {isa = PBXFileReference; lastKnownFileType = sourcecode.swift; path = LoginView.swift; sourceTree = "<group>"; };
		A06BFB4426903D8500504FDF /* UserViewController.swift */ = {isa = PBXFileReference; lastKnownFileType = sourcecode.swift; path = UserViewController.swift; sourceTree = "<group>"; };
		A06BFB4626903D9900504FDF /* UserStatusView.swift */ = {isa = PBXFileReference; lastKnownFileType = sourcecode.swift; path = UserStatusView.swift; sourceTree = "<group>"; };
		A06BFB4A269329EA00504FDF /* UDO ClientDebug.entitlements */ = {isa = PBXFileReference; lastKnownFileType = text.plist.entitlements; path = "UDO ClientDebug.entitlements"; sourceTree = "<group>"; };
		A08AF49B268C2F1E002F9D8C /* UDO ClientRelease.entitlements */ = {isa = PBXFileReference; lastKnownFileType = text.plist.entitlements; path = "UDO ClientRelease.entitlements"; sourceTree = "<group>"; };
		A0ACD368266F8B1800E67089 /* MQTTClient.swift */ = {isa = PBXFileReference; lastKnownFileType = sourcecode.swift; path = MQTTClient.swift; sourceTree = "<group>"; };
		A0ACD36E266FA19900E67089 /* UDODevice.swift */ = {isa = PBXFileReference; lastKnownFileType = sourcecode.swift; path = UDODevice.swift; sourceTree = "<group>"; };
		A0ACD3732670577600E67089 /* NumericalAttribute.swift */ = {isa = PBXFileReference; lastKnownFileType = sourcecode.swift; path = NumericalAttribute.swift; sourceTree = "<group>"; };
		A0ACD3752670578500E67089 /* TextAttribute.swift */ = {isa = PBXFileReference; lastKnownFileType = sourcecode.swift; path = TextAttribute.swift; sourceTree = "<group>"; };
		A0ACD3772670579300E67089 /* EnumAttribute.swift */ = {isa = PBXFileReference; lastKnownFileType = sourcecode.swift; path = EnumAttribute.swift; sourceTree = "<group>"; };
		A0ACD3792670584100E67089 /* BooleanAttribute.swift */ = {isa = PBXFileReference; lastKnownFileType = sourcecode.swift; path = BooleanAttribute.swift; sourceTree = "<group>"; };
		A0ACD37D2670FDE600E67089 /* DeviceTableViewCell.swift */ = {isa = PBXFileReference; lastKnownFileType = sourcecode.swift; path = DeviceTableViewCell.swift; sourceTree = "<group>"; };
		A0ACD3802671AFC600E67089 /* DeviceDetailViewController.swift */ = {isa = PBXFileReference; lastKnownFileType = sourcecode.swift; path = DeviceDetailViewController.swift; sourceTree = "<group>"; };
		A0B9DB7A26971C0400DD4134 /* UDOMapAnnotation.swift */ = {isa = PBXFileReference; lastKnownFileType = sourcecode.swift; path = UDOMapAnnotation.swift; sourceTree = "<group>"; };
		A0B9DB7C26971E3000DD4134 /* ImageUtils.swift */ = {isa = PBXFileReference; lastKnownFileType = sourcecode.swift; path = ImageUtils.swift; sourceTree = "<group>"; };
		A0D74F322678879E00FE86E1 /* DeviceDetailView.swift */ = {isa = PBXFileReference; lastKnownFileType = sourcecode.swift; path = DeviceDetailView.swift; sourceTree = "<group>"; };
		A0D74F37267896B400FE86E1 /* DeviceStatusView.swift */ = {isa = PBXFileReference; lastKnownFileType = sourcecode.swift; path = DeviceStatusView.swift; sourceTree = "<group>"; };
		A0D74F39267896C500FE86E1 /* DeviceHistoryView.swift */ = {isa = PBXFileReference; lastKnownFileType = sourcecode.swift; path = DeviceHistoryView.swift; sourceTree = "<group>"; };
/* End PBXFileReference section */

/* Begin PBXFrameworksBuildPhase section */
		A0065984266F54EC0089E5F1 /* Frameworks */ = {
			isa = PBXFrameworksBuildPhase;
			buildActionMask = 2147483647;
			files = (
				A0D352C6267995610086B92F /* CocoaMQTTWebSocket in Frameworks */,
				A0D352C8267995610086B92F /* CocoaMQTT in Frameworks */,
				A0D352C3267993960086B92F /* SwiftUICharts in Frameworks */,
				A0AF437B26A165030010D892 /* BottomBar-SwiftUI in Frameworks */,
			);
			runOnlyForDeploymentPostprocessing = 0;
		};
/* End PBXFrameworksBuildPhase section */

/* Begin PBXGroup section */
		A006597E266F54EC0089E5F1 = {
			isa = PBXGroup;
			children = (
				A0065989266F54EC0089E5F1 /* UDO Client */,
				A0065988266F54EC0089E5F1 /* Products */,
			);
			sourceTree = "<group>";
		};
		A0065988266F54EC0089E5F1 /* Products */ = {
			isa = PBXGroup;
			children = (
				A0065987266F54EC0089E5F1 /* UDO Client.app */,
			);
			name = Products;
			sourceTree = "<group>";
		};
		A0065989266F54EC0089E5F1 /* UDO Client */ = {
			isa = PBXGroup;
			children = (
				A06BFB4A269329EA00504FDF /* UDO ClientDebug.entitlements */,
				A08AF49B268C2F1E002F9D8C /* UDO ClientRelease.entitlements */,
				A0ACD37F2670FDF600E67089 /* Resources */,
				A0ACD36D266F9F5400E67089 /* Utils */,
				A06BFB4326903D1F00504FDF /* UserViews */,
				A0D74F342678907A00FE86E1 /* DeviceDetailViews */,
				A0642034269DBAE000106529 /* LoginViews */,
				A0ACD36A266F9F2A00E67089 /* Types */,
				A0642033269D941B00106529 /* ViewControllers */,
				A0065998266F54ED0089E5F1 /* Info.plist */,
			);
			path = "UDO Client";
			sourceTree = "<group>";
		};
		A0642033269D941B00106529 /* ViewControllers */ = {
			isa = PBXGroup;
			children = (
				A006598E266F54EC0089E5F1 /* DeviceViewController.swift */,
				A06BFB4426903D8500504FDF /* UserViewController.swift */,
				A064202D269D8E2900106529 /* LoginViewController.swift */,
			);
			path = ViewControllers;
			sourceTree = "<group>";
		};
		A0642034269DBAE000106529 /* LoginViews */ = {
			isa = PBXGroup;
			children = (
				A0642035269DBB1800106529 /* LoginView.swift */,
			);
			path = LoginViews;
			sourceTree = "<group>";
		};
		A06BFB4326903D1F00504FDF /* UserViews */ = {
			isa = PBXGroup;
			children = (
				A06BFB4626903D9900504FDF /* UserStatusView.swift */,
				A04F7D58269A8F720028D9F1 /* UserAvatar.swift */,
			);
			path = UserViews;
			sourceTree = "<group>";
		};
		A0ACD36A266F9F2A00E67089 /* Types */ = {
			isa = PBXGroup;
			children = (
				A0ACD3722670573900E67089 /* DeviceAttributes */,
				A0ACD36E266FA19900E67089 /* UDODevice.swift */,
			);
			path = Types;
			sourceTree = "<group>";
		};
		A0ACD36D266F9F5400E67089 /* Utils */ = {
			isa = PBXGroup;
			children = (
				A04F7D5A269AC9870028D9F1 /* SwiftyJSON.swift */,
				A0ACD368266F8B1800E67089 /* MQTTClient.swift */,
				A0B9DB7C26971E3000DD4134 /* ImageUtils.swift */,
			);
			path = Utils;
			sourceTree = "<group>";
		};
		A0ACD3722670573900E67089 /* DeviceAttributes */ = {
			isa = PBXGroup;
			children = (
				A0ACD3732670577600E67089 /* NumericalAttribute.swift */,
				A0ACD3752670578500E67089 /* TextAttribute.swift */,
				A0ACD3772670579300E67089 /* EnumAttribute.swift */,
				A0ACD3792670584100E67089 /* BooleanAttribute.swift */,
			);
			path = DeviceAttributes;
			sourceTree = "<group>";
		};
		A0ACD37F2670FDF600E67089 /* Resources */ = {
			isa = PBXGroup;
			children = (
				A006598A266F54EC0089E5F1 /* AppDelegate.swift */,
				A006598C266F54EC0089E5F1 /* SceneDelegate.swift */,
				A0065990266F54EC0089E5F1 /* Main.storyboard */,
				A0065995266F54ED0089E5F1 /* LaunchScreen.storyboard */,
				A0065993266F54ED0089E5F1 /* Assets.xcassets */,
			);
			path = Resources;
			sourceTree = "<group>";
		};
		A0D74F342678907A00FE86E1 /* DeviceDetailViews */ = {
			isa = PBXGroup;
			children = (
				A0B9DB7A26971C0400DD4134 /* UDOMapAnnotation.swift */,
				A0ACD37D2670FDE600E67089 /* DeviceTableViewCell.swift */,
				A0ACD3802671AFC600E67089 /* DeviceDetailViewController.swift */,
				A0D74F322678879E00FE86E1 /* DeviceDetailView.swift */,
				A0D74F37267896B400FE86E1 /* DeviceStatusView.swift */,
				A0D74F39267896C500FE86E1 /* DeviceHistoryView.swift */,
			);
			path = DeviceDetailViews;
			sourceTree = "<group>";
		};
/* End PBXGroup section */

/* Begin PBXNativeTarget section */
		A0065986266F54EC0089E5F1 /* UDO Client */ = {
			isa = PBXNativeTarget;
			buildConfigurationList = A006599B266F54ED0089E5F1 /* Build configuration list for PBXNativeTarget "UDO Client" */;
			buildPhases = (
				A0065983266F54EC0089E5F1 /* Sources */,
				A0065984266F54EC0089E5F1 /* Frameworks */,
				A0065985266F54EC0089E5F1 /* Resources */,
			);
			buildRules = (
			);
			dependencies = (
			);
			name = "UDO Client";
			packageProductDependencies = (
				A0D352C2267993960086B92F /* SwiftUICharts */,
				A0D352C5267995610086B92F /* CocoaMQTTWebSocket */,
				A0D352C7267995610086B92F /* CocoaMQTT */,
				A0AF437A26A165030010D892 /* BottomBar-SwiftUI */,
			);
			productName = "UDO Client";
			productReference = A0065987266F54EC0089E5F1 /* UDO Client.app */;
			productType = "com.apple.product-type.application";
		};
/* End PBXNativeTarget section */

/* Begin PBXProject section */
		A006597F266F54EC0089E5F1 /* Project object */ = {
			isa = PBXProject;
			attributes = {
				LastSwiftUpdateCheck = 1250;
				LastUpgradeCheck = 1250;
				TargetAttributes = {
					A0065986266F54EC0089E5F1 = {
						CreatedOnToolsVersion = 12.5;
					};
				};
			};
			buildConfigurationList = A0065982266F54EC0089E5F1 /* Build configuration list for PBXProject "UDO Client" */;
			compatibilityVersion = "Xcode 9.3";
			developmentRegion = en;
			hasScannedForEncodings = 0;
			knownRegions = (
				en,
				Base,
			);
			mainGroup = A006597E266F54EC0089E5F1;
			packageReferences = (
				A0D352C1267993960086B92F /* XCRemoteSwiftPackageReference "ChartView" */,
				A0D352C4267995610086B92F /* XCRemoteSwiftPackageReference "CocoaMQTT" */,
				A0AF437926A165030010D892 /* XCRemoteSwiftPackageReference "bottombar-swiftui" */,
			);
			productRefGroup = A0065988266F54EC0089E5F1 /* Products */;
			projectDirPath = "";
			projectRoot = "";
			targets = (
				A0065986266F54EC0089E5F1 /* UDO Client */,
			);
		};
/* End PBXProject section */

/* Begin PBXResourcesBuildPhase section */
		A0065985266F54EC0089E5F1 /* Resources */ = {
			isa = PBXResourcesBuildPhase;
			buildActionMask = 2147483647;
			files = (
				A0065997266F54ED0089E5F1 /* LaunchScreen.storyboard in Resources */,
				A0065994266F54ED0089E5F1 /* Assets.xcassets in Resources */,
				A0065992266F54EC0089E5F1 /* Main.storyboard in Resources */,
			);
			runOnlyForDeploymentPostprocessing = 0;
		};
/* End PBXResourcesBuildPhase section */

/* Begin PBXSourcesBuildPhase section */
		A0065983266F54EC0089E5F1 /* Sources */ = {
			isa = PBXSourcesBuildPhase;
			buildActionMask = 2147483647;
			files = (
				A064202E269D8E2900106529 /* LoginViewController.swift in Sources */,
				A0ACD369266F8B1800E67089 /* MQTTClient.swift in Sources */,
				A06BFB4526903D8500504FDF /* UserViewController.swift in Sources */,
				A06BFB4726903D9900504FDF /* UserStatusView.swift in Sources */,
				A04F7D5B269AC9870028D9F1 /* SwiftyJSON.swift in Sources */,
				A006598F266F54EC0089E5F1 /* DeviceViewController.swift in Sources */,
				A006598B266F54EC0089E5F1 /* AppDelegate.swift in Sources */,
				A0D74F332678879E00FE86E1 /* DeviceDetailView.swift in Sources */,
				A0642036269DBB1800106529 /* LoginView.swift in Sources */,
				A0ACD3742670577600E67089 /* NumericalAttribute.swift in Sources */,
				A0ACD37A2670584100E67089 /* BooleanAttribute.swift in Sources */,
				A0D74F3A267896C500FE86E1 /* DeviceHistoryView.swift in Sources */,
				A0ACD37E2670FDE600E67089 /* DeviceTableViewCell.swift in Sources */,
				A0ACD36F266FA19900E67089 /* UDODevice.swift in Sources */,
				A0B9DB7D26971E3000DD4134 /* ImageUtils.swift in Sources */,
				A006598D266F54EC0089E5F1 /* SceneDelegate.swift in Sources */,
				A0B9DB7B26971C0400DD4134 /* UDOMapAnnotation.swift in Sources */,
				A0D74F38267896B400FE86E1 /* DeviceStatusView.swift in Sources */,
				A0ACD3812671AFC600E67089 /* DeviceDetailViewController.swift in Sources */,
				A0ACD3762670578500E67089 /* TextAttribute.swift in Sources */,
				A04F7D59269A8F720028D9F1 /* UserAvatar.swift in Sources */,
				A0ACD3782670579300E67089 /* EnumAttribute.swift in Sources */,
			);
			runOnlyForDeploymentPostprocessing = 0;
		};
/* End PBXSourcesBuildPhase section */

/* Begin PBXVariantGroup section */
		A0065990266F54EC0089E5F1 /* Main.storyboard */ = {
			isa = PBXVariantGroup;
			children = (
				A0065991266F54EC0089E5F1 /* Base */,
			);
			name = Main.storyboard;
			sourceTree = "<group>";
		};
		A0065995266F54ED0089E5F1 /* LaunchScreen.storyboard */ = {
			isa = PBXVariantGroup;
			children = (
				A0065996266F54ED0089E5F1 /* Base */,
			);
			name = LaunchScreen.storyboard;
			sourceTree = "<group>";
		};
/* End PBXVariantGroup section */

/* Begin XCBuildConfiguration section */
		A0065999266F54ED0089E5F1 /* Debug */ = {
			isa = XCBuildConfiguration;
			buildSettings = {
				ALWAYS_SEARCH_USER_PATHS = NO;
				CLANG_ANALYZER_NONNULL = YES;
				CLANG_ANALYZER_NUMBER_OBJECT_CONVERSION = YES_AGGRESSIVE;
				CLANG_CXX_LANGUAGE_STANDARD = "gnu++14";
				CLANG_CXX_LIBRARY = "libc++";
				CLANG_ENABLE_MODULES = YES;
				CLANG_ENABLE_OBJC_ARC = YES;
				CLANG_ENABLE_OBJC_WEAK = YES;
				CLANG_WARN_BLOCK_CAPTURE_AUTORELEASING = YES;
				CLANG_WARN_BOOL_CONVERSION = YES;
				CLANG_WARN_COMMA = YES;
				CLANG_WARN_CONSTANT_CONVERSION = YES;
				CLANG_WARN_DEPRECATED_OBJC_IMPLEMENTATIONS = YES;
				CLANG_WARN_DIRECT_OBJC_ISA_USAGE = YES_ERROR;
				CLANG_WARN_DOCUMENTATION_COMMENTS = YES;
				CLANG_WARN_EMPTY_BODY = YES;
				CLANG_WARN_ENUM_CONVERSION = YES;
				CLANG_WARN_INFINITE_RECURSION = YES;
				CLANG_WARN_INT_CONVERSION = YES;
				CLANG_WARN_NON_LITERAL_NULL_CONVERSION = YES;
				CLANG_WARN_OBJC_IMPLICIT_RETAIN_SELF = YES;
				CLANG_WARN_OBJC_LITERAL_CONVERSION = YES;
				CLANG_WARN_OBJC_ROOT_CLASS = YES_ERROR;
				CLANG_WARN_QUOTED_INCLUDE_IN_FRAMEWORK_HEADER = YES;
				CLANG_WARN_RANGE_LOOP_ANALYSIS = YES;
				CLANG_WARN_STRICT_PROTOTYPES = YES;
				CLANG_WARN_SUSPICIOUS_MOVE = YES;
				CLANG_WARN_UNGUARDED_AVAILABILITY = YES_AGGRESSIVE;
				CLANG_WARN_UNREACHABLE_CODE = YES;
				CLANG_WARN__DUPLICATE_METHOD_MATCH = YES;
				COPY_PHASE_STRIP = NO;
				DEBUG_INFORMATION_FORMAT = dwarf;
				ENABLE_STRICT_OBJC_MSGSEND = YES;
				ENABLE_TESTABILITY = YES;
				GCC_C_LANGUAGE_STANDARD = gnu11;
				GCC_DYNAMIC_NO_PIC = NO;
				GCC_NO_COMMON_BLOCKS = YES;
				GCC_OPTIMIZATION_LEVEL = 0;
				GCC_PREPROCESSOR_DEFINITIONS = (
					"DEBUG=1",
					"$(inherited)",
				);
				GCC_WARN_64_TO_32_BIT_CONVERSION = YES;
				GCC_WARN_ABOUT_RETURN_TYPE = YES_ERROR;
				GCC_WARN_UNDECLARED_SELECTOR = YES;
				GCC_WARN_UNINITIALIZED_AUTOS = YES_AGGRESSIVE;
				GCC_WARN_UNUSED_FUNCTION = YES;
				GCC_WARN_UNUSED_VARIABLE = YES;
				IPHONEOS_DEPLOYMENT_TARGET = 14.5;
				MTL_ENABLE_DEBUG_INFO = INCLUDE_SOURCE;
				MTL_FAST_MATH = YES;
				ONLY_ACTIVE_ARCH = YES;
				SDKROOT = iphoneos;
				SWIFT_ACTIVE_COMPILATION_CONDITIONS = DEBUG;
				SWIFT_OPTIMIZATION_LEVEL = "-Onone";
			};
			name = Debug;
		};
		A006599A266F54ED0089E5F1 /* Release */ = {
			isa = XCBuildConfiguration;
			buildSettings = {
				ALWAYS_SEARCH_USER_PATHS = NO;
				CLANG_ANALYZER_NONNULL = YES;
				CLANG_ANALYZER_NUMBER_OBJECT_CONVERSION = YES_AGGRESSIVE;
				CLANG_CXX_LANGUAGE_STANDARD = "gnu++14";
				CLANG_CXX_LIBRARY = "libc++";
				CLANG_ENABLE_MODULES = YES;
				CLANG_ENABLE_OBJC_ARC = YES;
				CLANG_ENABLE_OBJC_WEAK = YES;
				CLANG_WARN_BLOCK_CAPTURE_AUTORELEASING = YES;
				CLANG_WARN_BOOL_CONVERSION = YES;
				CLANG_WARN_COMMA = YES;
				CLANG_WARN_CONSTANT_CONVERSION = YES;
				CLANG_WARN_DEPRECATED_OBJC_IMPLEMENTATIONS = YES;
				CLANG_WARN_DIRECT_OBJC_ISA_USAGE = YES_ERROR;
				CLANG_WARN_DOCUMENTATION_COMMENTS = YES;
				CLANG_WARN_EMPTY_BODY = YES;
				CLANG_WARN_ENUM_CONVERSION = YES;
				CLANG_WARN_INFINITE_RECURSION = YES;
				CLANG_WARN_INT_CONVERSION = YES;
				CLANG_WARN_NON_LITERAL_NULL_CONVERSION = YES;
				CLANG_WARN_OBJC_IMPLICIT_RETAIN_SELF = YES;
				CLANG_WARN_OBJC_LITERAL_CONVERSION = YES;
				CLANG_WARN_OBJC_ROOT_CLASS = YES_ERROR;
				CLANG_WARN_QUOTED_INCLUDE_IN_FRAMEWORK_HEADER = YES;
				CLANG_WARN_RANGE_LOOP_ANALYSIS = YES;
				CLANG_WARN_STRICT_PROTOTYPES = YES;
				CLANG_WARN_SUSPICIOUS_MOVE = YES;
				CLANG_WARN_UNGUARDED_AVAILABILITY = YES_AGGRESSIVE;
				CLANG_WARN_UNREACHABLE_CODE = YES;
				CLANG_WARN__DUPLICATE_METHOD_MATCH = YES;
				COPY_PHASE_STRIP = NO;
				DEBUG_INFORMATION_FORMAT = "dwarf-with-dsym";
				ENABLE_NS_ASSERTIONS = NO;
				ENABLE_STRICT_OBJC_MSGSEND = YES;
				GCC_C_LANGUAGE_STANDARD = gnu11;
				GCC_NO_COMMON_BLOCKS = YES;
				GCC_WARN_64_TO_32_BIT_CONVERSION = YES;
				GCC_WARN_ABOUT_RETURN_TYPE = YES_ERROR;
				GCC_WARN_UNDECLARED_SELECTOR = YES;
				GCC_WARN_UNINITIALIZED_AUTOS = YES_AGGRESSIVE;
				GCC_WARN_UNUSED_FUNCTION = YES;
				GCC_WARN_UNUSED_VARIABLE = YES;
				IPHONEOS_DEPLOYMENT_TARGET = 14.5;
				MTL_ENABLE_DEBUG_INFO = NO;
				MTL_FAST_MATH = YES;
				SDKROOT = iphoneos;
				SWIFT_COMPILATION_MODE = wholemodule;
				SWIFT_OPTIMIZATION_LEVEL = "-O";
				VALIDATE_PRODUCT = YES;
			};
			name = Release;
		};
		A006599C266F54ED0089E5F1 /* Debug */ = {
			isa = XCBuildConfiguration;
			buildSettings = {
				ASSETCATALOG_COMPILER_APPICON_NAME = AppIcon;
				ASSETCATALOG_COMPILER_GLOBAL_ACCENT_COLOR_NAME = AccentColor;
				CODE_SIGN_ENTITLEMENTS = "UDO Client/UDO ClientDebug.entitlements";
				CODE_SIGN_STYLE = Automatic;
				DEVELOPMENT_TEAM = 9Y2VQ245QA;
				INFOPLIST_FILE = "UDO Client/Info.plist";
				IPHONEOS_DEPLOYMENT_TARGET = 14.3;
				LD_RUNPATH_SEARCH_PATHS = (
					"$(inherited)",
					"@executable_path/Frameworks",
				);
				PRODUCT_BUNDLE_IDENTIFIER = "cn.edu.nju.czh.UDO-Client";
				PRODUCT_NAME = "$(TARGET_NAME)";
				SWIFT_VERSION = 5.0;
				TARGETED_DEVICE_FAMILY = "1,2";
			};
			name = Debug;
		};
		A006599D266F54ED0089E5F1 /* Release */ = {
			isa = XCBuildConfiguration;
			buildSettings = {
				ASSETCATALOG_COMPILER_APPICON_NAME = AppIcon;
				ASSETCATALOG_COMPILER_GLOBAL_ACCENT_COLOR_NAME = AccentColor;
				CODE_SIGN_ENTITLEMENTS = "UDO Client/UDO ClientRelease.entitlements";
				CODE_SIGN_STYLE = Automatic;
				DEVELOPMENT_TEAM = 9Y2VQ245QA;
				GCC_OPTIMIZATION_LEVEL = 0;
				INFOPLIST_FILE = "UDO Client/Info.plist";
				IPHONEOS_DEPLOYMENT_TARGET = 14.3;
				LD_RUNPATH_SEARCH_PATHS = (
					"$(inherited)",
					"@executable_path/Frameworks",
				);
				PRODUCT_BUNDLE_IDENTIFIER = "cn.edu.nju.czh.UDO-Client";
				PRODUCT_NAME = "$(TARGET_NAME)";
				SWIFT_OPTIMIZATION_LEVEL = "-Onone";
				SWIFT_VERSION = 5.0;
				TARGETED_DEVICE_FAMILY = "1,2";
			};
			name = Release;
		};
/* End XCBuildConfiguration section */

/* Begin XCConfigurationList section */
		A0065982266F54EC0089E5F1 /* Build configuration list for PBXProject "UDO Client" */ = {
			isa = XCConfigurationList;
			buildConfigurations = (
				A0065999266F54ED0089E5F1 /* Debug */,
				A006599A266F54ED0089E5F1 /* Release */,
			);
			defaultConfigurationIsVisible = 0;
			defaultConfigurationName = Release;
		};
		A006599B266F54ED0089E5F1 /* Build configuration list for PBXNativeTarget "UDO Client" */ = {
			isa = XCConfigurationList;
			buildConfigurations = (
				A006599C266F54ED0089E5F1 /* Debug */,
				A006599D266F54ED0089E5F1 /* Release */,
			);
			defaultConfigurationIsVisible = 0;
			defaultConfigurationName = Release;
		};
/* End XCConfigurationList section */

/* Begin XCRemoteSwiftPackageReference section */
		A0AF437926A165030010D892 /* XCRemoteSwiftPackageReference "bottombar-swiftui" */ = {
			isa = XCRemoteSwiftPackageReference;
			repositoryURL = "https://github.com/smartvipere75/bottombar-swiftui";
			requirement = {
				branch = master;
				kind = branch;
			};
		};
		A0D352C1267993960086B92F /* XCRemoteSwiftPackageReference "ChartView" */ = {
			isa = XCRemoteSwiftPackageReference;
			repositoryURL = "https://github.com/AppPear/ChartView";
			requirement = {
				kind = upToNextMajorVersion;
				minimumVersion = 1.5.5;
			};
		};
		A0D352C4267995610086B92F /* XCRemoteSwiftPackageReference "CocoaMQTT" */ = {
			isa = XCRemoteSwiftPackageReference;
			repositoryURL = "https://github.com/emqx/CocoaMQTT";
			requirement = {
				branch = master;
				kind = branch;
			};
		};
/* End XCRemoteSwiftPackageReference section */

/* Begin XCSwiftPackageProductDependency section */
		A0AF437A26A165030010D892 /* BottomBar-SwiftUI */ = {
			isa = XCSwiftPackageProductDependency;
			package = A0AF437926A165030010D892 /* XCRemoteSwiftPackageReference "bottombar-swiftui" */;
			productName = "BottomBar-SwiftUI";
		};
		A0D352C2267993960086B92F /* SwiftUICharts */ = {
			isa = XCSwiftPackageProductDependency;
			package = A0D352C1267993960086B92F /* XCRemoteSwiftPackageReference "ChartView" */;
			productName = SwiftUICharts;
		};
		A0D352C5267995610086B92F /* CocoaMQTTWebSocket */ = {
			isa = XCSwiftPackageProductDependency;
			package = A0D352C4267995610086B92F /* XCRemoteSwiftPackageReference "CocoaMQTT" */;
			productName = CocoaMQTTWebSocket;
		};
		A0D352C7267995610086B92F /* CocoaMQTT */ = {
			isa = XCSwiftPackageProductDependency;
			package = A0D352C4267995610086B92F /* XCRemoteSwiftPackageReference "CocoaMQTT" */;
			productName = CocoaMQTT;
		};
/* End XCSwiftPackageProductDependency section */
	};
	rootObject = A006597F266F54EC0089E5F1 /* Project object */;
}
