// !$*UTF8*$!
{
	archiveVersion = 1;
	classes = {
	};
	objectVersion = 51;
	objects = {

/* Begin PBXBuildFile section */
		A006598B266F54EC0089E5F1 /* AppDelegate.swift in Sources */ = {isa = PBXBuildFile; fileRef = A006598A266F54EC0089E5F1 /* AppDelegate.swift */; };
		A006598D266F54EC0089E5F1 /* SceneDelegate.swift in Sources */ = {isa = PBXBuildFile; fileRef = A006598C266F54EC0089E5F1 /* SceneDelegate.swift */; };
		A006598F266F54EC0089E5F1 /* ViewController.swift in Sources */ = {isa = PBXBuildFile; fileRef = A006598E266F54EC0089E5F1 /* ViewController.swift */; };
		A0065992266F54EC0089E5F1 /* Main.storyboard in Resources */ = {isa = PBXBuildFile; fileRef = A0065990266F54EC0089E5F1 /* Main.storyboard */; };
		A0065994266F54ED0089E5F1 /* Assets.xcassets in Resources */ = {isa = PBXBuildFile; fileRef = A0065993266F54ED0089E5F1 /* Assets.xcassets */; };
		A0065997266F54ED0089E5F1 /* LaunchScreen.storyboard in Resources */ = {isa = PBXBuildFile; fileRef = A0065995266F54ED0089E5F1 /* LaunchScreen.storyboard */; };
		A0ACD369266F8B1800E67089 /* MQTTClient.swift in Sources */ = {isa = PBXBuildFile; fileRef = A0ACD368266F8B1800E67089 /* MQTTClient.swift */; };
		A0ACD36F266FA19900E67089 /* UDODevice.swift in Sources */ = {isa = PBXBuildFile; fileRef = A0ACD36E266FA19900E67089 /* UDODevice.swift */; };
		A0ACD3742670577600E67089 /* NumericalAttribute.swift in Sources */ = {isa = PBXBuildFile; fileRef = A0ACD3732670577600E67089 /* NumericalAttribute.swift */; };
		A0ACD3762670578500E67089 /* TextAttribute.swift in Sources */ = {isa = PBXBuildFile; fileRef = A0ACD3752670578500E67089 /* TextAttribute.swift */; };
		A0ACD3782670579300E67089 /* EnumAttribute.swift in Sources */ = {isa = PBXBuildFile; fileRef = A0ACD3772670579300E67089 /* EnumAttribute.swift */; };
		A0ACD37A2670584100E67089 /* SwitchAttribute.swift in Sources */ = {isa = PBXBuildFile; fileRef = A0ACD3792670584100E67089 /* SwitchAttribute.swift */; };
		A0ACD37E2670FDE600E67089 /* DeviceTableViewCell.swift in Sources */ = {isa = PBXBuildFile; fileRef = A0ACD37D2670FDE600E67089 /* DeviceTableViewCell.swift */; };
		A0ACD3812671AFC600E67089 /* DeviceDetailViewController.swift in Sources */ = {isa = PBXBuildFile; fileRef = A0ACD3802671AFC600E67089 /* DeviceDetailViewController.swift */; };
		E462F95BD55CF29928E146E7 /* Pods_UDO_Client.framework in Frameworks */ = {isa = PBXBuildFile; fileRef = 83FE24F79C6EA230A7C2FB5C /* Pods_UDO_Client.framework */; };
/* End PBXBuildFile section */

/* Begin PBXFileReference section */
		2A14C4C96A6E0B151A08B0D5 /* Pods-UDO Client.release.xcconfig */ = {isa = PBXFileReference; includeInIndex = 1; lastKnownFileType = text.xcconfig; name = "Pods-UDO Client.release.xcconfig"; path = "Target Support Files/Pods-UDO Client/Pods-UDO Client.release.xcconfig"; sourceTree = "<group>"; };
		83FE24F79C6EA230A7C2FB5C /* Pods_UDO_Client.framework */ = {isa = PBXFileReference; explicitFileType = wrapper.framework; includeInIndex = 0; path = Pods_UDO_Client.framework; sourceTree = BUILT_PRODUCTS_DIR; };
		A0065987266F54EC0089E5F1 /* UDO Client.app */ = {isa = PBXFileReference; explicitFileType = wrapper.application; includeInIndex = 0; path = "UDO Client.app"; sourceTree = BUILT_PRODUCTS_DIR; };
		A006598A266F54EC0089E5F1 /* AppDelegate.swift */ = {isa = PBXFileReference; lastKnownFileType = sourcecode.swift; path = AppDelegate.swift; sourceTree = "<group>"; };
		A006598C266F54EC0089E5F1 /* SceneDelegate.swift */ = {isa = PBXFileReference; lastKnownFileType = sourcecode.swift; path = SceneDelegate.swift; sourceTree = "<group>"; };
		A006598E266F54EC0089E5F1 /* ViewController.swift */ = {isa = PBXFileReference; lastKnownFileType = sourcecode.swift; path = ViewController.swift; sourceTree = "<group>"; };
		A0065991266F54EC0089E5F1 /* Base */ = {isa = PBXFileReference; lastKnownFileType = file.storyboard; name = Base; path = Base.lproj/Main.storyboard; sourceTree = "<group>"; };
		A0065993266F54ED0089E5F1 /* Assets.xcassets */ = {isa = PBXFileReference; lastKnownFileType = folder.assetcatalog; path = Assets.xcassets; sourceTree = "<group>"; };
		A0065996266F54ED0089E5F1 /* Base */ = {isa = PBXFileReference; lastKnownFileType = file.storyboard; name = Base; path = Base.lproj/LaunchScreen.storyboard; sourceTree = "<group>"; };
		A0065998266F54ED0089E5F1 /* Info.plist */ = {isa = PBXFileReference; lastKnownFileType = text.plist.xml; path = Info.plist; sourceTree = "<group>"; };
		A0ACD368266F8B1800E67089 /* MQTTClient.swift */ = {isa = PBXFileReference; lastKnownFileType = sourcecode.swift; path = MQTTClient.swift; sourceTree = "<group>"; };
		A0ACD36E266FA19900E67089 /* UDODevice.swift */ = {isa = PBXFileReference; lastKnownFileType = sourcecode.swift; path = UDODevice.swift; sourceTree = "<group>"; };
		A0ACD3732670577600E67089 /* NumericalAttribute.swift */ = {isa = PBXFileReference; lastKnownFileType = sourcecode.swift; path = NumericalAttribute.swift; sourceTree = "<group>"; };
		A0ACD3752670578500E67089 /* TextAttribute.swift */ = {isa = PBXFileReference; lastKnownFileType = sourcecode.swift; path = TextAttribute.swift; sourceTree = "<group>"; };
		A0ACD3772670579300E67089 /* EnumAttribute.swift */ = {isa = PBXFileReference; lastKnownFileType = sourcecode.swift; path = EnumAttribute.swift; sourceTree = "<group>"; };
		A0ACD3792670584100E67089 /* SwitchAttribute.swift */ = {isa = PBXFileReference; lastKnownFileType = sourcecode.swift; path = SwitchAttribute.swift; sourceTree = "<group>"; };
		A0ACD37D2670FDE600E67089 /* DeviceTableViewCell.swift */ = {isa = PBXFileReference; lastKnownFileType = sourcecode.swift; path = DeviceTableViewCell.swift; sourceTree = "<group>"; };
		A0ACD3802671AFC600E67089 /* DeviceDetailViewController.swift */ = {isa = PBXFileReference; lastKnownFileType = sourcecode.swift; path = DeviceDetailViewController.swift; sourceTree = "<group>"; };
		F876161FB67C92B4E7B26F82 /* Pods-UDO Client.debug.xcconfig */ = {isa = PBXFileReference; includeInIndex = 1; lastKnownFileType = text.xcconfig; name = "Pods-UDO Client.debug.xcconfig"; path = "Target Support Files/Pods-UDO Client/Pods-UDO Client.debug.xcconfig"; sourceTree = "<group>"; };
/* End PBXFileReference section */

/* Begin PBXFrameworksBuildPhase section */
		A0065984266F54EC0089E5F1 /* Frameworks */ = {
			isa = PBXFrameworksBuildPhase;
			buildActionMask = 2147483647;
			files = (
				E462F95BD55CF29928E146E7 /* Pods_UDO_Client.framework in Frameworks */,
			);
			runOnlyForDeploymentPostprocessing = 0;
		};
/* End PBXFrameworksBuildPhase section */

/* Begin PBXGroup section */
		698963EEFCA04C1A4B6C72CE /* Pods */ = {
			isa = PBXGroup;
			children = (
				F876161FB67C92B4E7B26F82 /* Pods-UDO Client.debug.xcconfig */,
				2A14C4C96A6E0B151A08B0D5 /* Pods-UDO Client.release.xcconfig */,
			);
			path = Pods;
			sourceTree = "<group>";
		};
		A006597E266F54EC0089E5F1 = {
			isa = PBXGroup;
			children = (
				A0065989266F54EC0089E5F1 /* UDO Client */,
				A0065988266F54EC0089E5F1 /* Products */,
				698963EEFCA04C1A4B6C72CE /* Pods */,
				CE48B913B847AC14B163B2C3 /* Frameworks */,
			);
			sourceTree = "<group>";
		};
		A0065988266F54EC0089E5F1 /* Products */ = {
			isa = PBXGroup;
			children = (
				A0065987266F54EC0089E5F1 /* UDO Client.app */,
			);
			name = Products;
			sourceTree = "<group>";
		};
		A0065989266F54EC0089E5F1 /* UDO Client */ = {
			isa = PBXGroup;
			children = (
				A0ACD37F2670FDF600E67089 /* Resources */,
				A0ACD36D266F9F5400E67089 /* Utils */,
				A0ACD36A266F9F2A00E67089 /* Types */,
				A006598E266F54EC0089E5F1 /* ViewController.swift */,
				A0ACD3802671AFC600E67089 /* DeviceDetailViewController.swift */,
				A0ACD37D2670FDE600E67089 /* DeviceTableViewCell.swift */,
				A0065998266F54ED0089E5F1 /* Info.plist */,
			);
			path = "UDO Client";
			sourceTree = "<group>";
		};
		A0ACD36A266F9F2A00E67089 /* Types */ = {
			isa = PBXGroup;
			children = (
				A0ACD3722670573900E67089 /* DeviceAttributes */,
				A0ACD36E266FA19900E67089 /* UDODevice.swift */,
			);
			path = Types;
			sourceTree = "<group>";
		};
		A0ACD36D266F9F5400E67089 /* Utils */ = {
			isa = PBXGroup;
			children = (
				A0ACD368266F8B1800E67089 /* MQTTClient.swift */,
			);
			path = Utils;
			sourceTree = "<group>";
		};
		A0ACD3722670573900E67089 /* DeviceAttributes */ = {
			isa = PBXGroup;
			children = (
				A0ACD3732670577600E67089 /* NumericalAttribute.swift */,
				A0ACD3752670578500E67089 /* TextAttribute.swift */,
				A0ACD3772670579300E67089 /* EnumAttribute.swift */,
				A0ACD3792670584100E67089 /* SwitchAttribute.swift */,
			);
			path = DeviceAttributes;
			sourceTree = "<group>";
		};
		A0ACD37F2670FDF600E67089 /* Resources */ = {
			isa = PBXGroup;
			children = (
				A006598A266F54EC0089E5F1 /* AppDelegate.swift */,
				A006598C266F54EC0089E5F1 /* SceneDelegate.swift */,
				A0065990266F54EC0089E5F1 /* Main.storyboard */,
				A0065995266F54ED0089E5F1 /* LaunchScreen.storyboard */,
				A0065993266F54ED0089E5F1 /* Assets.xcassets */,
			);
			path = Resources;
			sourceTree = "<group>";
		};
		CE48B913B847AC14B163B2C3 /* Frameworks */ = {
			isa = PBXGroup;
			children = (
				83FE24F79C6EA230A7C2FB5C /* Pods_UDO_Client.framework */,
			);
			name = Frameworks;
			sourceTree = "<group>";
		};
/* End PBXGroup section */

/* Begin PBXNativeTarget section */
		A0065986266F54EC0089E5F1 /* UDO Client */ = {
			isa = PBXNativeTarget;
			buildConfigurationList = A006599B266F54ED0089E5F1 /* Build configuration list for PBXNativeTarget "UDO Client" */;
			buildPhases = (
				D78DCEA961CE1C20059A1FD5 /* [CP] Check Pods Manifest.lock */,
				A0065983266F54EC0089E5F1 /* Sources */,
				A0065984266F54EC0089E5F1 /* Frameworks */,
				A0065985266F54EC0089E5F1 /* Resources */,
				5505EBF3179AB721876DD136 /* [CP] Embed Pods Frameworks */,
			);
			buildRules = (
			);
			dependencies = (
			);
			name = "UDO Client";
			productName = "UDO Client";
			productReference = A0065987266F54EC0089E5F1 /* UDO Client.app */;
			productType = "com.apple.product-type.application";
		};
/* End PBXNativeTarget section */

/* Begin PBXProject section */
		A006597F266F54EC0089E5F1 /* Project object */ = {
			isa = PBXProject;
			attributes = {
				LastSwiftUpdateCheck = 1250;
				LastUpgradeCheck = 1250;
				TargetAttributes = {
					A0065986266F54EC0089E5F1 = {
						CreatedOnToolsVersion = 12.5;
					};
				};
			};
			buildConfigurationList = A0065982266F54EC0089E5F1 /* Build configuration list for PBXProject "UDO Client" */;
			compatibilityVersion = "Xcode 9.3";
			developmentRegion = en;
			hasScannedForEncodings = 0;
			knownRegions = (
				en,
				Base,
			);
			mainGroup = A006597E266F54EC0089E5F1;
			productRefGroup = A0065988266F54EC0089E5F1 /* Products */;
			projectDirPath = "";
			projectRoot = "";
			targets = (
				A0065986266F54EC0089E5F1 /* UDO Client */,
			);
		};
/* End PBXProject section */

/* Begin PBXResourcesBuildPhase section */
		A0065985266F54EC0089E5F1 /* Resources */ = {
			isa = PBXResourcesBuildPhase;
			buildActionMask = 2147483647;
			files = (
				A0065997266F54ED0089E5F1 /* LaunchScreen.storyboard in Resources */,
				A0065994266F54ED0089E5F1 /* Assets.xcassets in Resources */,
				A0065992266F54EC0089E5F1 /* Main.storyboard in Resources */,
			);
			runOnlyForDeploymentPostprocessing = 0;
		};
/* End PBXResourcesBuildPhase section */

/* Begin PBXShellScriptBuildPhase section */
		5505EBF3179AB721876DD136 /* [CP] Embed Pods Frameworks */ = {
			isa = PBXShellScriptBuildPhase;
			buildActionMask = 2147483647;
			files = (
			);
			inputFileListPaths = (
				"${PODS_ROOT}/Target Support Files/Pods-UDO Client/Pods-UDO Client-frameworks-${CONFIGURATION}-input-files.xcfilelist",
			);
			name = "[CP] Embed Pods Frameworks";
			outputFileListPaths = (
				"${PODS_ROOT}/Target Support Files/Pods-UDO Client/Pods-UDO Client-frameworks-${CONFIGURATION}-output-files.xcfilelist",
			);
			runOnlyForDeploymentPostprocessing = 0;
			shellPath = /bin/sh;
			shellScript = "\"${PODS_ROOT}/Target Support Files/Pods-UDO Client/Pods-UDO Client-frameworks.sh\"\n";
			showEnvVarsInLog = 0;
		};
		D78DCEA961CE1C20059A1FD5 /* [CP] Check Pods Manifest.lock */ = {
			isa = PBXShellScriptBuildPhase;
			buildActionMask = 2147483647;
			files = (
			);
			inputFileListPaths = (
			);
			inputPaths = (
				"${PODS_PODFILE_DIR_PATH}/Podfile.lock",
				"${PODS_ROOT}/Manifest.lock",
			);
			name = "[CP] Check Pods Manifest.lock";
			outputFileListPaths = (
			);
			outputPaths = (
				"$(DERIVED_FILE_DIR)/Pods-UDO Client-checkManifestLockResult.txt",
			);
			runOnlyForDeploymentPostprocessing = 0;
			shellPath = /bin/sh;
			shellScript = "diff \"${PODS_PODFILE_DIR_PATH}/Podfile.lock\" \"${PODS_ROOT}/Manifest.lock\" > /dev/null\nif [ $? != 0 ] ; then\n    # print error to STDERR\n    echo \"error: The sandbox is not in sync with the Podfile.lock. Run 'pod install' or update your CocoaPods installation.\" >&2\n    exit 1\nfi\n# This output is used by Xcode 'outputs' to avoid re-running this script phase.\necho \"SUCCESS\" > \"${SCRIPT_OUTPUT_FILE_0}\"\n";
			showEnvVarsInLog = 0;
		};
/* End PBXShellScriptBuildPhase section */

/* Begin PBXSourcesBuildPhase section */
		A0065983266F54EC0089E5F1 /* Sources */ = {
			isa = PBXSourcesBuildPhase;
			buildActionMask = 2147483647;
			files = (
				A0ACD369266F8B1800E67089 /* MQTTClient.swift in Sources */,
				A006598F266F54EC0089E5F1 /* ViewController.swift in Sources */,
				A006598B266F54EC0089E5F1 /* AppDelegate.swift in Sources */,
				A0ACD3742670577600E67089 /* NumericalAttribute.swift in Sources */,
				A0ACD37A2670584100E67089 /* SwitchAttribute.swift in Sources */,
				A0ACD37E2670FDE600E67089 /* DeviceTableViewCell.swift in Sources */,
				A0ACD36F266FA19900E67089 /* UDODevice.swift in Sources */,
				A006598D266F54EC0089E5F1 /* SceneDelegate.swift in Sources */,
				A0ACD3812671AFC600E67089 /* DeviceDetailViewController.swift in Sources */,
				A0ACD3762670578500E67089 /* TextAttribute.swift in Sources */,
				A0ACD3782670579300E67089 /* EnumAttribute.swift in Sources */,
			);
			runOnlyForDeploymentPostprocessing = 0;
		};
/* End PBXSourcesBuildPhase section */

/* Begin PBXVariantGroup section */
		A0065990266F54EC0089E5F1 /* Main.storyboard */ = {
			isa = PBXVariantGroup;
			children = (
				A0065991266F54EC0089E5F1 /* Base */,
			);
			name = Main.storyboard;
			sourceTree = "<group>";
		};
		A0065995266F54ED0089E5F1 /* LaunchScreen.storyboard */ = {
			isa = PBXVariantGroup;
			children = (
				A0065996266F54ED0089E5F1 /* Base */,
			);
			name = LaunchScreen.storyboard;
			sourceTree = "<group>";
		};
/* End PBXVariantGroup section */

/* Begin XCBuildConfiguration section */
		A0065999266F54ED0089E5F1 /* Debug */ = {
			isa = XCBuildConfiguration;
			buildSettings = {
				ALWAYS_SEARCH_USER_PATHS = NO;
				CLANG_ANALYZER_NONNULL = YES;
				CLANG_ANALYZER_NUMBER_OBJECT_CONVERSION = YES_AGGRESSIVE;
				CLANG_CXX_LANGUAGE_STANDARD = "gnu++14";
				CLANG_CXX_LIBRARY = "libc++";
				CLANG_ENABLE_MODULES = YES;
				CLANG_ENABLE_OBJC_ARC = YES;
				CLANG_ENABLE_OBJC_WEAK = YES;
				CLANG_WARN_BLOCK_CAPTURE_AUTORELEASING = YES;
				CLANG_WARN_BOOL_CONVERSION = YES;
				CLANG_WARN_COMMA = YES;
				CLANG_WARN_CONSTANT_CONVERSION = YES;
				CLANG_WARN_DEPRECATED_OBJC_IMPLEMENTATIONS = YES;
				CLANG_WARN_DIRECT_OBJC_ISA_USAGE = YES_ERROR;
				CLANG_WARN_DOCUMENTATION_COMMENTS = YES;
				CLANG_WARN_EMPTY_BODY = YES;
				CLANG_WARN_ENUM_CONVERSION = YES;
				CLANG_WARN_INFINITE_RECURSION = YES;
				CLANG_WARN_INT_CONVERSION = YES;
				CLANG_WARN_NON_LITERAL_NULL_CONVERSION = YES;
				CLANG_WARN_OBJC_IMPLICIT_RETAIN_SELF = YES;
				CLANG_WARN_OBJC_LITERAL_CONVERSION = YES;
				CLANG_WARN_OBJC_ROOT_CLASS = YES_ERROR;
				CLANG_WARN_QUOTED_INCLUDE_IN_FRAMEWORK_HEADER = YES;
				CLANG_WARN_RANGE_LOOP_ANALYSIS = YES;
				CLANG_WARN_STRICT_PROTOTYPES = YES;
				CLANG_WARN_SUSPICIOUS_MOVE = YES;
				CLANG_WARN_UNGUARDED_AVAILABILITY = YES_AGGRESSIVE;
				CLANG_WARN_UNREACHABLE_CODE = YES;
				CLANG_WARN__DUPLICATE_METHOD_MATCH = YES;
				COPY_PHASE_STRIP = NO;
				DEBUG_INFORMATION_FORMAT = dwarf;
				ENABLE_STRICT_OBJC_MSGSEND = YES;
				ENABLE_TESTABILITY = YES;
				GCC_C_LANGUAGE_STANDARD = gnu11;
				GCC_DYNAMIC_NO_PIC = NO;
				GCC_NO_COMMON_BLOCKS = YES;
				GCC_OPTIMIZATION_LEVEL = 0;
				GCC_PREPROCESSOR_DEFINITIONS = (
					"DEBUG=1",
					"$(inherited)",
				);
				GCC_WARN_64_TO_32_BIT_CONVERSION = YES;
				GCC_WARN_ABOUT_RETURN_TYPE = YES_ERROR;
				GCC_WARN_UNDECLARED_SELECTOR = YES;
				GCC_WARN_UNINITIALIZED_AUTOS = YES_AGGRESSIVE;
				GCC_WARN_UNUSED_FUNCTION = YES;
				GCC_WARN_UNUSED_VARIABLE = YES;
				IPHONEOS_DEPLOYMENT_TARGET = 14.5;
				MTL_ENABLE_DEBUG_INFO = INCLUDE_SOURCE;
				MTL_FAST_MATH = YES;
				ONLY_ACTIVE_ARCH = YES;
				SDKROOT = iphoneos;
				SWIFT_ACTIVE_COMPILATION_CONDITIONS = DEBUG;
				SWIFT_OPTIMIZATION_LEVEL = "-Onone";
			};
			name = Debug;
		};
		A006599A266F54ED0089E5F1 /* Release */ = {
			isa = XCBuildConfiguration;
			buildSettings = {
				ALWAYS_SEARCH_USER_PATHS = NO;
				CLANG_ANALYZER_NONNULL = YES;
				CLANG_ANALYZER_NUMBER_OBJECT_CONVERSION = YES_AGGRESSIVE;
				CLANG_CXX_LANGUAGE_STANDARD = "gnu++14";
				CLANG_CXX_LIBRARY = "libc++";
				CLANG_ENABLE_MODULES = YES;
				CLANG_ENABLE_OBJC_ARC = YES;
				CLANG_ENABLE_OBJC_WEAK = YES;
				CLANG_WARN_BLOCK_CAPTURE_AUTORELEASING = YES;
				CLANG_WARN_BOOL_CONVERSION = YES;
				CLANG_WARN_COMMA = YES;
				CLANG_WARN_CONSTANT_CONVERSION = YES;
				CLANG_WARN_DEPRECATED_OBJC_IMPLEMENTATIONS = YES;
				CLANG_WARN_DIRECT_OBJC_ISA_USAGE = YES_ERROR;
				CLANG_WARN_DOCUMENTATION_COMMENTS = YES;
				CLANG_WARN_EMPTY_BODY = YES;
				CLANG_WARN_ENUM_CONVERSION = YES;
				CLANG_WARN_INFINITE_RECURSION = YES;
				CLANG_WARN_INT_CONVERSION = YES;
				CLANG_WARN_NON_LITERAL_NULL_CONVERSION = YES;
				CLANG_WARN_OBJC_IMPLICIT_RETAIN_SELF = YES;
				CLANG_WARN_OBJC_LITERAL_CONVERSION = YES;
				CLANG_WARN_OBJC_ROOT_CLASS = YES_ERROR;
				CLANG_WARN_QUOTED_INCLUDE_IN_FRAMEWORK_HEADER = YES;
				CLANG_WARN_RANGE_LOOP_ANALYSIS = YES;
				CLANG_WARN_STRICT_PROTOTYPES = YES;
				CLANG_WARN_SUSPICIOUS_MOVE = YES;
				CLANG_WARN_UNGUARDED_AVAILABILITY = YES_AGGRESSIVE;
				CLANG_WARN_UNREACHABLE_CODE = YES;
				CLANG_WARN__DUPLICATE_METHOD_MATCH = YES;
				COPY_PHASE_STRIP = NO;
				DEBUG_INFORMATION_FORMAT = "dwarf-with-dsym";
				ENABLE_NS_ASSERTIONS = NO;
				ENABLE_STRICT_OBJC_MSGSEND = YES;
				GCC_C_LANGUAGE_STANDARD = gnu11;
				GCC_NO_COMMON_BLOCKS = YES;
				GCC_WARN_64_TO_32_BIT_CONVERSION = YES;
				GCC_WARN_ABOUT_RETURN_TYPE = YES_ERROR;
				GCC_WARN_UNDECLARED_SELECTOR = YES;
				GCC_WARN_UNINITIALIZED_AUTOS = YES_AGGRESSIVE;
				GCC_WARN_UNUSED_FUNCTION = YES;
				GCC_WARN_UNUSED_VARIABLE = YES;
				IPHONEOS_DEPLOYMENT_TARGET = 14.5;
				MTL_ENABLE_DEBUG_INFO = NO;
				MTL_FAST_MATH = YES;
				SDKROOT = iphoneos;
				SWIFT_COMPILATION_MODE = wholemodule;
				SWIFT_OPTIMIZATION_LEVEL = "-O";
				VALIDATE_PRODUCT = YES;
			};
			name = Release;
		};
		A006599C266F54ED0089E5F1 /* Debug */ = {
			isa = XCBuildConfiguration;
			baseConfigurationReference = F876161FB67C92B4E7B26F82 /* Pods-UDO Client.debug.xcconfig */;
			buildSettings = {
				ASSETCATALOG_COMPILER_APPICON_NAME = AppIcon;
				ASSETCATALOG_COMPILER_GLOBAL_ACCENT_COLOR_NAME = AccentColor;
				CODE_SIGN_STYLE = Automatic;
				DEVELOPMENT_TEAM = 9Y2VQ245QA;
				INFOPLIST_FILE = "UDO Client/Info.plist";
				LD_RUNPATH_SEARCH_PATHS = (
					"$(inherited)",
					"@executable_path/Frameworks",
				);
				PRODUCT_BUNDLE_IDENTIFIER = "cn.edu.nju.czh.UDO-Client";
				PRODUCT_NAME = "$(TARGET_NAME)";
				SWIFT_VERSION = 5.0;
				TARGETED_DEVICE_FAMILY = "1,2";
			};
			name = Debug;
		};
		A006599D266F54ED0089E5F1 /* Release */ = {
			isa = XCBuildConfiguration;
			baseConfigurationReference = 2A14C4C96A6E0B151A08B0D5 /* Pods-UDO Client.release.xcconfig */;
			buildSettings = {
				ASSETCATALOG_COMPILER_APPICON_NAME = AppIcon;
				ASSETCATALOG_COMPILER_GLOBAL_ACCENT_COLOR_NAME = AccentColor;
				CODE_SIGN_STYLE = Automatic;
				DEVELOPMENT_TEAM = 9Y2VQ245QA;
				INFOPLIST_FILE = "UDO Client/Info.plist";
				LD_RUNPATH_SEARCH_PATHS = (
					"$(inherited)",
					"@executable_path/Frameworks",
				);
				PRODUCT_BUNDLE_IDENTIFIER = "cn.edu.nju.czh.UDO-Client";
				PRODUCT_NAME = "$(TARGET_NAME)";
				SWIFT_VERSION = 5.0;
				TARGETED_DEVICE_FAMILY = "1,2";
			};
			name = Release;
		};
/* End XCBuildConfiguration section */

/* Begin XCConfigurationList section */
		A0065982266F54EC0089E5F1 /* Build configuration list for PBXProject "UDO Client" */ = {
			isa = XCConfigurationList;
			buildConfigurations = (
				A0065999266F54ED0089E5F1 /* Debug */,
				A006599A266F54ED0089E5F1 /* Release */,
			);
			defaultConfigurationIsVisible = 0;
			defaultConfigurationName = Release;
		};
		A006599B266F54ED0089E5F1 /* Build configuration list for PBXNativeTarget "UDO Client" */ = {
			isa = XCConfigurationList;
			buildConfigurations = (
				A006599C266F54ED0089E5F1 /* Debug */,
				A006599D266F54ED0089E5F1 /* Release */,
			);
			defaultConfigurationIsVisible = 0;
			defaultConfigurationName = Release;
		};
/* End XCConfigurationList section */
	};
	rootObject = A006597F266F54EC0089E5F1 /* Project object */;
}
